
Microsoft Visual Studio Solution File, Format Version 12.00
# Visual Studio Version 16
VisualStudioVersion = 16.0.31729.503
MinimumVisualStudioVersion = 10.0.40219.1
Project("{FAE04EC0-301F-11D3-BF4B-00C04F79EFBC}") = "72HrChallenge", "72HrChallenge\72HrChallenge.csproj", "{BE86F511-B79E-441D-AF1F-12272A963D54}"
EndProject
Global
	GlobalSection(SolutionConfigurationPlatforms) = preSolution
		Debug|Any CPU = Debug|Any CPU
		Release|Any CPU = Release|Any CPU
	EndGlobalSection
	GlobalSection(ProjectConfigurationPlatforms) = postSolution
		{BE86F511-B79E-441D-AF1F-12272A963D54}.Debug|Any CPU.ActiveCfg = Debug|Any CPU
		{BE86F511-B79E-441D-AF1F-12272A963D54}.Debug|Any CPU.Build.0 = Debug|Any CPU
		{BE86F511-B79E-441D-AF1F-12272A963D54}.Release|Any CPU.ActiveCfg = Release|Any CPU
		{BE86F511-B79E-441D-AF1F-12272A963D54}.Release|Any CPU.Build.0 = Release|Any CPU
	EndGlobalSection
	GlobalSection(SolutionProperties) = preSolution
		HideSolutionNode = FALSE
	EndGlobalSection
	GlobalSection(ExtensibilityGlobals) = postSolution
		SolutionGuid = {0CF3005C-0EBE-4B1F-A65F-C9F28B6ADA42}
	EndGlobalSection
EndGlobal
